
Microsoft Visual Studio Solution File, Format Version 12.00
# Visual Studio Version 17
VisualStudioVersion = 17.14.36127.28
MinimumVisualStudioVersion = 10.0.40219.1
Project("{FAE04EC0-301F-11D3-BF4B-00C04F79EFBC}") = "WebFormsApp", "WebFormsApp\WebFormsApp.csproj", "{BC58859C-9156-40A0-BF66-A6026BACE346}"
EndProject
Project("{FAE04EC0-301F-11D3-BF4B-00C04F79EFBC}") = "MvcWebApp", "MvcWebApp\MvcWebApp.csproj", "{262A485F-EC48-45B6-931B-C0B3D9ADC284}"
EndProject
Project("{FAE04EC0-301F-11D3-BF4B-00C04F79EFBC}") = "MvcCoreWebApp", "MvcCoreWebApp\MvcCoreWebApp.csproj", "{9F2D449B-5138-4B4D-A0C7-AF84E09245F1}"
EndProject
Project("{FAE04EC0-301F-11D3-BF4B-00C04F79EFBC}") = "RazorPagesWebApp", "RazorPagesWebApp\RazorPagesWebApp.csproj", "{D94F4A29-584C-48A5-B527-C6485F6B15D5}"
EndProject
Project("{FAE04EC0-301F-11D3-BF4B-00C04F79EFBC}") = "WebApiService", "WebApiService\WebApiService.csproj", "{AAC92A00-5FD1-4D06-84AC-9E111F81362D}"
EndProject
Project("{FAE04EC0-301F-11D3-BF4B-00C04F79EFBC}") = "BlazorServerApp", "BlazorServerApp\BlazorServerApp.csproj", "{C0F19F34-28CE-4F3E-9A21-63D7555EDA51}"
EndProject
Project("{FAE04EC0-301F-11D3-BF4B-00C04F79EFBC}") = "BlazorWasmApp", "BlazorWasmApp\BlazorWasmApp.csproj", "{254B8A15-22A6-4AC5-AD97-DEFE3904B293}"
EndProject
Project("{FAE04EC0-301F-11D3-BF4B-00C04F79EFBC}") = "NewBlazorApp", "NewBlazorApp\NewBlazorApp\NewBlazorApp.csproj", "{E61A818A-0843-42BF-B4E7-DE5F4A807751}"
EndProject
Project("{FAE04EC0-301F-11D3-BF4B-00C04F79EFBC}") = "NewBlazorApp.Client", "NewBlazorApp\NewBlazorApp.Client\NewBlazorApp.Client.csproj", "{A87D76BF-B675-4967-9A61-F7FF579D62A1}"
EndProject
Project("{FAE04EC0-301F-11D3-BF4B-00C04F79EFBC}") = "EmptyCoreWebApp", "EmptyCoreWebApp\EmptyCoreWebApp.csproj", "{2BAD2BFC-D6E6-495D-AA7C-FECE7214B8A6}"
EndProject
Project("{FAE04EC0-301F-11D3-BF4B-00C04F79EFBC}") = "WinFormsDbApp", "WinFormsDbApp\WinFormsDbApp.csproj", "{68A775F4-CBE5-463D-9064-0E04F891CA1C}"
EndProject
Global
	GlobalSection(SolutionConfigurationPlatforms) = preSolution
		Debug|Any CPU = Debug|Any CPU
		Release|Any CPU = Release|Any CPU
	EndGlobalSection
	GlobalSection(ProjectConfigurationPlatforms) = postSolution
		{BC58859C-9156-40A0-BF66-A6026BACE346}.Debug|Any CPU.ActiveCfg = Debug|Any CPU
		{BC58859C-9156-40A0-BF66-A6026BACE346}.Debug|Any CPU.Build.0 = Debug|Any CPU
		{BC58859C-9156-40A0-BF66-A6026BACE346}.Release|Any CPU.ActiveCfg = Release|Any CPU
		{BC58859C-9156-40A0-BF66-A6026BACE346}.Release|Any CPU.Build.0 = Release|Any CPU
		{262A485F-EC48-45B6-931B-C0B3D9ADC284}.Debug|Any CPU.ActiveCfg = Debug|Any CPU
		{262A485F-EC48-45B6-931B-C0B3D9ADC284}.Debug|Any CPU.Build.0 = Debug|Any CPU
		{262A485F-EC48-45B6-931B-C0B3D9ADC284}.Release|Any CPU.ActiveCfg = Release|Any CPU
		{262A485F-EC48-45B6-931B-C0B3D9ADC284}.Release|Any CPU.Build.0 = Release|Any CPU
		{9F2D449B-5138-4B4D-A0C7-AF84E09245F1}.Debug|Any CPU.ActiveCfg = Debug|Any CPU
		{9F2D449B-5138-4B4D-A0C7-AF84E09245F1}.Debug|Any CPU.Build.0 = Debug|Any CPU
		{9F2D449B-5138-4B4D-A0C7-AF84E09245F1}.Release|Any CPU.ActiveCfg = Release|Any CPU
		{9F2D449B-5138-4B4D-A0C7-AF84E09245F1}.Release|Any CPU.Build.0 = Release|Any CPU
		{D94F4A29-584C-48A5-B527-C6485F6B15D5}.Debug|Any CPU.ActiveCfg = Debug|Any CPU
		{D94F4A29-584C-48A5-B527-C6485F6B15D5}.Debug|Any CPU.Build.0 = Debug|Any CPU
		{D94F4A29-584C-48A5-B527-C6485F6B15D5}.Release|Any CPU.ActiveCfg = Release|Any CPU
		{D94F4A29-584C-48A5-B527-C6485F6B15D5}.Release|Any CPU.Build.0 = Release|Any CPU
		{AAC92A00-5FD1-4D06-84AC-9E111F81362D}.Debug|Any CPU.ActiveCfg = Debug|Any CPU
		{AAC92A00-5FD1-4D06-84AC-9E111F81362D}.Debug|Any CPU.Build.0 = Debug|Any CPU
		{AAC92A00-5FD1-4D06-84AC-9E111F81362D}.Release|Any CPU.ActiveCfg = Release|Any CPU
		{AAC92A00-5FD1-4D06-84AC-9E111F81362D}.Release|Any CPU.Build.0 = Release|Any CPU
		{C0F19F34-28CE-4F3E-9A21-63D7555EDA51}.Debug|Any CPU.ActiveCfg = Debug|Any CPU
		{C0F19F34-28CE-4F3E-9A21-63D7555EDA51}.Debug|Any CPU.Build.0 = Debug|Any CPU
		{C0F19F34-28CE-4F3E-9A21-63D7555EDA51}.Release|Any CPU.ActiveCfg = Release|Any CPU
		{C0F19F34-28CE-4F3E-9A21-63D7555EDA51}.Release|Any CPU.Build.0 = Release|Any CPU
		{254B8A15-22A6-4AC5-AD97-DEFE3904B293}.Debug|Any CPU.ActiveCfg = Debug|Any CPU
		{254B8A15-22A6-4AC5-AD97-DEFE3904B293}.Debug|Any CPU.Build.0 = Debug|Any CPU
		{254B8A15-22A6-4AC5-AD97-DEFE3904B293}.Release|Any CPU.ActiveCfg = Release|Any CPU
		{254B8A15-22A6-4AC5-AD97-DEFE3904B293}.Release|Any CPU.Build.0 = Release|Any CPU
		{E61A818A-0843-42BF-B4E7-DE5F4A807751}.Debug|Any CPU.ActiveCfg = Debug|Any CPU
		{E61A818A-0843-42BF-B4E7-DE5F4A807751}.Debug|Any CPU.Build.0 = Debug|Any CPU
		{E61A818A-0843-42BF-B4E7-DE5F4A807751}.Release|Any CPU.ActiveCfg = Release|Any CPU
		{E61A818A-0843-42BF-B4E7-DE5F4A807751}.Release|Any CPU.Build.0 = Release|Any CPU
		{A87D76BF-B675-4967-9A61-F7FF579D62A1}.Debug|Any CPU.ActiveCfg = Debug|Any CPU
		{A87D76BF-B675-4967-9A61-F7FF579D62A1}.Debug|Any CPU.Build.0 = Debug|Any CPU
		{A87D76BF-B675-4967-9A61-F7FF579D62A1}.Release|Any CPU.ActiveCfg = Release|Any CPU
		{A87D76BF-B675-4967-9A61-F7FF579D62A1}.Release|Any CPU.Build.0 = Release|Any CPU
		{2BAD2BFC-D6E6-495D-AA7C-FECE7214B8A6}.Debug|Any CPU.ActiveCfg = Debug|Any CPU
		{2BAD2BFC-D6E6-495D-AA7C-FECE7214B8A6}.Debug|Any CPU.Build.0 = Debug|Any CPU
		{2BAD2BFC-D6E6-495D-AA7C-FECE7214B8A6}.Release|Any CPU.ActiveCfg = Release|Any CPU
		{2BAD2BFC-D6E6-495D-AA7C-FECE7214B8A6}.Release|Any CPU.Build.0 = Release|Any CPU
		{68A775F4-CBE5-463D-9064-0E04F891CA1C}.Debug|Any CPU.ActiveCfg = Debug|Any CPU
		{68A775F4-CBE5-463D-9064-0E04F891CA1C}.Debug|Any CPU.Build.0 = Debug|Any CPU
		{68A775F4-CBE5-463D-9064-0E04F891CA1C}.Release|Any CPU.ActiveCfg = Release|Any CPU
		{68A775F4-CBE5-463D-9064-0E04F891CA1C}.Release|Any CPU.Build.0 = Release|Any CPU
	EndGlobalSection
	GlobalSection(SolutionProperties) = preSolution
		HideSolutionNode = FALSE
	EndGlobalSection
	GlobalSection(ExtensibilityGlobals) = postSolution
		SolutionGuid = {5C279461-36B8-4A74-B403-F16B424DC19B}
	EndGlobalSection
EndGlobal
